{
    "_meta": {
        "hash": {
            "sha256": "1c823c0e5448c728626e8259dc7a4ebbe841dfec0c85a34773f3d89f77580d39"
        },
        "pipfile-spec": 6,
        "requires": {
            "python_version": "3.5"
        },
        "sources": [
            {
                "name": "pypi",
                "url": "https://pypi.org/simple",
                "verify_ssl": true
            }
        ]
    },
    "default": {},
    "develop": {}
}
